
Microsoft Visual Studio Solution File, Format Version 12.00
# Visual Studio Version 17
VisualStudioVersion = 17.9.34728.123
MinimumVisualStudioVersion = 10.0.40219.1
Project("{9A19103F-16F7-4668-BE54-9A1E7A4F7556}") = "ITI.gRPC.lab.server", "ITI.gRPC.lab.server\ITI.gRPC.lab.server.csproj", "{AB358B8A-AD7B-41AE-9D5E-6D7BA99C9F50}"
EndProject
Project("{9A19103F-16F7-4668-BE54-9A1E7A4F7556}") = "ITI.gRPC.Lab.ClientConsole", "ITI.gRPC.Lab.Client\ITI.gRPC.Lab.ClientConsole.csproj", "{7FA216E2-E8B6-41FC-A1D2-929DA3BEED51}"
EndProject
Project("{FAE04EC0-301F-11D3-BF4B-00C04F79EFBC}") = "ITI.gRPC.lab.Clientt", "ITI.gRPC.lab.Clientt\ITI.gRPC.lab.Clientt.csproj", "{B1AAC27A-28DB-4C9C-A4DF-A6C775BD7C3D}"
EndProject
Global
	GlobalSection(SolutionConfigurationPlatforms) = preSolution
		Debug|Any CPU = Debug|Any CPU
		Release|Any CPU = Release|Any CPU
	EndGlobalSection
	GlobalSection(ProjectConfigurationPlatforms) = postSolution
		{AB358B8A-AD7B-41AE-9D5E-6D7BA99C9F50}.Debug|Any CPU.ActiveCfg = Debug|Any CPU
		{AB358B8A-AD7B-41AE-9D5E-6D7BA99C9F50}.Debug|Any CPU.Build.0 = Debug|Any CPU
		{AB358B8A-AD7B-41AE-9D5E-6D7BA99C9F50}.Release|Any CPU.ActiveCfg = Release|Any CPU
		{AB358B8A-AD7B-41AE-9D5E-6D7BA99C9F50}.Release|Any CPU.Build.0 = Release|Any CPU
		{7FA216E2-E8B6-41FC-A1D2-929DA3BEED51}.Debug|Any CPU.ActiveCfg = Debug|Any CPU
		{7FA216E2-E8B6-41FC-A1D2-929DA3BEED51}.Debug|Any CPU.Build.0 = Debug|Any CPU
		{7FA216E2-E8B6-41FC-A1D2-929DA3BEED51}.Release|Any CPU.ActiveCfg = Release|Any CPU
		{7FA216E2-E8B6-41FC-A1D2-929DA3BEED51}.Release|Any CPU.Build.0 = Release|Any CPU
		{B1AAC27A-28DB-4C9C-A4DF-A6C775BD7C3D}.Debug|Any CPU.ActiveCfg = Debug|Any CPU
		{B1AAC27A-28DB-4C9C-A4DF-A6C775BD7C3D}.Debug|Any CPU.Build.0 = Debug|Any CPU
		{B1AAC27A-28DB-4C9C-A4DF-A6C775BD7C3D}.Release|Any CPU.ActiveCfg = Release|Any CPU
		{B1AAC27A-28DB-4C9C-A4DF-A6C775BD7C3D}.Release|Any CPU.Build.0 = Release|Any CPU
	EndGlobalSection
	GlobalSection(SolutionProperties) = preSolution
		HideSolutionNode = FALSE
	EndGlobalSection
	GlobalSection(ExtensibilityGlobals) = postSolution
		SolutionGuid = {73597B52-7406-4EF4-BCC7-C71787DB3D37}
	EndGlobalSection
EndGlobal
